# Generated by conda-lock.
# platform: linux-64
# input_hash: e64269aaf1ccde64b9e522464119303a0e4a941fa16c5712bfbe16181418da88
@EXPLICIT
https://conda.anaconda.org/conda-forge/linux-64/_libgcc_mutex-0.1-conda_forge.tar.bz2#d7c89558ba9fa0495403155b64376d81
https://conda.anaconda.org/conda-forge/linux-64/ca-certificates-2023.7.22-hbcca054_0.conda#a73ecd2988327ad4c8f2c331482917f2
https://conda.anaconda.org/conda-forge/noarch/font-ttf-dejavu-sans-mono-2.37-hab24e00_0.tar.bz2#0c96522c6bdaed4b1566d11387caaf45
https://conda.anaconda.org/conda-forge/noarch/font-ttf-inconsolata-3.000-h77eed37_0.tar.bz2#34893075a5c9e55cdafac56607368fc6
https://conda.anaconda.org/conda-forge/noarch/font-ttf-source-code-pro-2.038-h77eed37_0.tar.bz2#4d59c254e01d9cde7957100457e2d5fb
https://conda.anaconda.org/conda-forge/noarch/font-ttf-ubuntu-0.83-hab24e00_0.tar.bz2#19410c3df09dfb12d1206132a1d357c5
https://conda.anaconda.org/conda-forge/linux-64/ld_impl_linux-64-2.40-h41732ed_0.conda#7aca3059a1729aa76c597603f10b0dd3
https://conda.anaconda.org/conda-forge/linux-64/libstdcxx-ng-13.2.0-h7e041cc_2.conda#9172c297304f2a20134fc56c97fbe229
https://conda.anaconda.org/conda-forge/noarch/poppler-data-0.4.12-hd8ed1ab_0.conda#d8d7293c5b37f39b2ac32940621c6592
https://conda.anaconda.org/conda-forge/linux-64/python_abi-3.9-4_cp39.conda#bfe4b3259a8ac6cdf0037752904da6a7
https://conda.anaconda.org/conda-forge/noarch/tzdata-2023c-h71feb2d_0.conda#939e3e74d8be4dac89ce83b20de2492a
https://conda.anaconda.org/conda-forge/noarch/fonts-conda-forge-1-0.tar.bz2#f766549260d6815b0c52253f1fb1bb29
https://conda.anaconda.org/conda-forge/linux-64/libgomp-13.2.0-h807b86a_2.conda#e2042154faafe61969556f28bade94b9
https://conda.anaconda.org/conda-forge/linux-64/_openmp_mutex-4.5-2_gnu.tar.bz2#73aaf86a425cc6e73fcf236a5a46396d
https://conda.anaconda.org/conda-forge/noarch/fonts-conda-ecosystem-1-0.tar.bz2#fee5683a3f04bd15cbd8318b096a27ab
https://conda.anaconda.org/conda-forge/linux-64/libgcc-ng-13.2.0-h807b86a_2.conda#c28003b0be0494f9a7664389146716ff
https://conda.anaconda.org/conda-forge/linux-64/aom-3.3.0-h27087fc_1.tar.bz2#fe863d1e92331e69c8f231df5eaf5e16
https://conda.anaconda.org/conda-forge/linux-64/bzip2-1.0.8-h7f98852_4.tar.bz2#a1fd65c7ccbf10880423d82bca54eb54
https://conda.anaconda.org/conda-forge/linux-64/c-ares-1.19.1-hd590300_0.conda#e8c18d865be43e2fb3f7a145b6adf1f5
https://conda.anaconda.org/conda-forge/linux-64/charls-2.2.0-h9c3ff4c_0.tar.bz2#bc0a1a5c99af57d2821914ab074797f9
https://conda.anaconda.org/conda-forge/linux-64/freexl-1.0.6-h166bdaf_1.tar.bz2#897e772a157faf3330d72dd291486f62
https://conda.anaconda.org/conda-forge/linux-64/geos-3.9.1-h9c3ff4c_2.tar.bz2#b9a6d9422aed3ad84ec6ccee9bfcaa0f
https://conda.anaconda.org/conda-forge/linux-64/gettext-0.21.1-h27087fc_0.tar.bz2#14947d8770185e5153fdd04d4673ed37
https://conda.anaconda.org/conda-forge/linux-64/giflib-5.2.1-h0b41bf4_3.conda#96f3b11872ef6fad973eac856cd2624f
https://conda.anaconda.org/conda-forge/linux-64/gmp-6.2.1-h58526e2_0.tar.bz2#b94cf2db16066b242ebd26db2facbd56
https://conda.anaconda.org/conda-forge/linux-64/icu-68.2-h9c3ff4c_0.tar.bz2#6618c9b191638993f2a818c6529e1b49
https://conda.anaconda.org/conda-forge/linux-64/jbig-2.1-h7f98852_2003.tar.bz2#1aa0cee79792fa97b7ff4545110b60bf
https://conda.anaconda.org/conda-forge/linux-64/jpeg-9e-h0b41bf4_3.conda#c7a069243e1fbe9a556ed2ec030e6407
https://conda.anaconda.org/conda-forge/linux-64/json-c-0.15-h98cffda_0.tar.bz2#f32d45a88e7462be446824654dbcf4a4
https://conda.anaconda.org/conda-forge/linux-64/jxrlib-1.1-h7f98852_2.tar.bz2#8e787b08fe19986d99d034b839df2961
https://conda.anaconda.org/conda-forge/linux-64/keyutils-1.6.1-h166bdaf_0.tar.bz2#30186d27e2c9fa62b45fb1476b7200e3
https://conda.anaconda.org/conda-forge/linux-64/lame-3.100-h166bdaf_1003.tar.bz2#a8832b479f93521a9e7b5b743803be51
https://conda.anaconda.org/conda-forge/linux-64/lerc-3.0-h9c3ff4c_0.tar.bz2#7fcefde484980d23f0ec24c11e314d2e
https://conda.anaconda.org/conda-forge/linux-64/libabseil-20230802.1-cxx17_h59595ed_0.conda#2785ddf4cb0e7e743477991d64353947
https://conda.anaconda.org/conda-forge/linux-64/libaec-1.1.1-h59595ed_0.conda#ee2558593a8b60c8231446de9e9a308f
https://conda.anaconda.org/conda-forge/linux-64/libbrotlicommon-1.0.9-h166bdaf_9.conda#61641e239f96eae2b8492dc7e755828c
https://conda.anaconda.org/conda-forge/linux-64/libcrc32c-1.1.2-h9c3ff4c_0.tar.bz2#c965a5aa0d5c1c37ffc62dff36e28400
https://conda.anaconda.org/conda-forge/linux-64/libdeflate-1.8-h7f98852_0.tar.bz2#91d22aefa665265e8e31988b15145c8a
https://conda.anaconda.org/conda-forge/linux-64/libev-4.33-h516909a_1.tar.bz2#6f8720dff19e17ce5d48cfe7f3d2f0a3
https://conda.anaconda.org/conda-forge/linux-64/libexpat-2.5.0-hcb278e6_1.conda#6305a3dd2752c76335295da4e581f2fd
https://conda.anaconda.org/conda-forge/linux-64/libffi-3.4.2-h7f98852_5.tar.bz2#d645c6d2ac96843a2bfaccd2d62b3ac3
https://conda.anaconda.org/conda-forge/linux-64/libgfortran5-13.2.0-ha4646dd_2.conda#78fdab09d9138851dde2b5fe2a11019e
https://conda.anaconda.org/conda-forge/linux-64/libiconv-1.17-h166bdaf_0.tar.bz2#b62b52da46c39ee2bc3c162ac7f1804d
https://conda.anaconda.org/conda-forge/linux-64/libnsl-2.0.0-hd590300_1.conda#854e3e1623b39777140f199c5f9ab952
https://conda.anaconda.org/conda-forge/linux-64/libpciaccess-0.17-h166bdaf_0.tar.bz2#b7463391cf284065294e2941dd41ab95
https://conda.anaconda.org/conda-forge/linux-64/libsodium-1.0.18-h36c2ea0_1.tar.bz2#c3788462a6fbddafdb413a9f9053e58d
https://conda.anaconda.org/conda-forge/linux-64/libuuid-2.38.1-h0b41bf4_0.conda#40b61aab5c7ba9ff276c41cfffe6b80b
https://conda.anaconda.org/conda-forge/linux-64/libvpx-1.11.0-h9c3ff4c_3.tar.bz2#ebe18273eebadbb4dfb13f1062e054e9
https://conda.anaconda.org/conda-forge/linux-64/libwebp-base-1.2.2-h7f98852_1.tar.bz2#46cf26ecc8775a0aab300ea1821aaa3c
https://conda.anaconda.org/conda-forge/linux-64/libzlib-1.2.13-hd590300_5.conda#f36c115f1ee199da648e0597ec2047ad
https://conda.anaconda.org/conda-forge/linux-64/libzopfli-1.0.3-h9c3ff4c_0.tar.bz2#c66fe2d123249af7651ebde8984c51c2
https://conda.anaconda.org/conda-forge/linux-64/lz4-c-1.9.3-h9c3ff4c_1.tar.bz2#fbe97e8fa6f275d7c76a09e795adc3e6
https://conda.anaconda.org/conda-forge/linux-64/ncurses-6.4-hcb278e6_0.conda#681105bccc2a3f7f1a837d47d39c9179
https://conda.anaconda.org/conda-forge/linux-64/nettle-3.6-he412f7d_0.tar.bz2#f050099af540c1c960c813b06bca89ad
https://conda.anaconda.org/conda-forge/linux-64/nspr-4.35-h27087fc_0.conda#da0ec11a6454ae19bff5b02ed881a2b1
https://conda.anaconda.org/conda-forge/linux-64/openssl-1.1.1w-hd590300_0.conda#301e70057a3bd399640bb16bbdf87995
https://conda.anaconda.org/conda-forge/linux-64/pcre-8.45-h9c3ff4c_0.tar.bz2#c05d1820a6d34ff07aaaab7a9b7eddaa
https://conda.anaconda.org/conda-forge/linux-64/pixman-0.42.2-h59595ed_0.conda#700edd63ccd5fc66b70b1c028cea9a68
https://conda.anaconda.org/conda-forge/linux-64/pthread-stubs-0.4-h36c2ea0_1001.tar.bz2#22dad4df6e8630e8dff2428f6f6a7036
https://conda.anaconda.org/conda-forge/linux-64/snappy-1.1.10-h9fff704_0.conda#e6d228cd0bb74a51dd18f5bfce0b4115
https://conda.anaconda.org/conda-forge/linux-64/svt-av1-0.9.1-h27087fc_0.tar.bz2#c31f59b9f50d7f82bb3e39ff5c64345e
https://conda.anaconda.org/conda-forge/linux-64/tzcode-2023c-h0b41bf4_0.conda#0c0533894f21c3d35697cb8378d390e2
https://conda.anaconda.org/conda-forge/linux-64/x264-1!161.3030-h7f98852_1.tar.bz2#4c9106542ee02c991b64b575ca4ea029
https://conda.anaconda.org/conda-forge/linux-64/x265-3.5-h924138e_3.tar.bz2#e7f6ed84d4623d52ee581325c1587a6b
https://conda.anaconda.org/conda-forge/linux-64/xorg-kbproto-1.0.7-h7f98852_1002.tar.bz2#4b230e8381279d76131116660f5a241a
https://conda.anaconda.org/conda-forge/linux-64/xorg-libice-1.1.1-hd590300_0.conda#b462a33c0be1421532f28bfe8f4a7514
https://conda.anaconda.org/conda-forge/linux-64/xorg-libxau-1.0.11-hd590300_0.conda#2c80dc38fface310c9bd81b17037fee5
https://conda.anaconda.org/conda-forge/linux-64/xorg-libxdmcp-1.1.3-h7f98852_0.tar.bz2#be93aabceefa2fac576e971aef407908
https://conda.anaconda.org/conda-forge/linux-64/xorg-renderproto-0.11.1-h7f98852_1002.tar.bz2#06feff3d2634e3097ce2fe681474b534
https://conda.anaconda.org/conda-forge/linux-64/xorg-xextproto-7.3.0-h0b41bf4_1003.conda#bce9f945da8ad2ae9b1d7165a64d0f87
https://conda.anaconda.org/conda-forge/linux-64/xorg-xproto-7.0.31-h7f98852_1007.tar.bz2#b4a4381d54784606820704f7b5f05a15
https://conda.anaconda.org/conda-forge/linux-64/xz-5.2.6-h166bdaf_0.tar.bz2#2161070d867d1b1204ea749c8eec4ef0
https://conda.anaconda.org/conda-forge/linux-64/yaml-0.2.5-h7f98852_2.tar.bz2#4cb3ad778ec2d5a7acbdf254eb1c42ae
https://conda.anaconda.org/conda-forge/linux-64/zfp-0.5.5-h9c3ff4c_8.tar.bz2#f12900b1e1e0527c0e9a4e922a5de2bf
https://conda.anaconda.org/conda-forge/linux-64/zlib-ng-2.0.7-h0b41bf4_0.conda#49e8329110001f04923fe7e864990b0c
https://conda.anaconda.org/conda-forge/linux-64/expat-2.5.0-hcb278e6_1.conda#8b9b5aca60558d02ddaa09d599e55920
https://conda.anaconda.org/conda-forge/linux-64/gnutls-3.6.13-h85f3911_1.tar.bz2#7d1b6fff16c1431d96cb4934938799fd
https://conda.anaconda.org/conda-forge/linux-64/libbrotlidec-1.0.9-h166bdaf_9.conda#081aa22f4581c08e4372b0b6c2f8478e
https://conda.anaconda.org/conda-forge/linux-64/libbrotlienc-1.0.9-h166bdaf_9.conda#1f0a03af852a9659ed2bf08f2f1704fd
https://conda.anaconda.org/conda-forge/linux-64/libdrm-2.4.114-h166bdaf_0.tar.bz2#efb58e80f5d0179a783c4e76c3df3b9c
https://conda.anaconda.org/conda-forge/linux-64/libedit-3.1.20191231-he28a2e2_2.tar.bz2#4d331e44109e3f0e19b4cb8f9b82f3e1
https://conda.anaconda.org/conda-forge/linux-64/libgfortran-ng-13.2.0-h69a702a_2.conda#e75a75a6eaf6f318dae2631158c46575
https://conda.anaconda.org/conda-forge/linux-64/libllvm14-14.0.6-hcd5def8_4.conda#73301c133ded2bf71906aa2104edae8b
https://conda.anaconda.org/conda-forge/linux-64/libnghttp2-1.51.0-hdcd2b5c_0.conda#c42b460bae0365fb9777b1ff9d09a554
https://conda.anaconda.org/conda-forge/linux-64/libpng-1.6.39-h753d276_0.conda#e1c890aebdebbfbf87e2c917187b4416
https://conda.anaconda.org/conda-forge/linux-64/libprotobuf-4.24.3-hf27288f_0.conda#f2877435606cb6069201c6dceab9ac45
https://conda.anaconda.org/conda-forge/linux-64/librttopo-1.1.0-h1185371_6.tar.bz2#bdaaaa5a3984edea71596fc9cca74463
https://conda.anaconda.org/conda-forge/linux-64/libsqlite-3.43.0-h2797004_0.conda#903fa782a9067d5934210df6d79220f6
https://conda.anaconda.org/conda-forge/linux-64/libssh2-1.10.0-haa6b8db_3.tar.bz2#89acee135f0809a18a1f4537390aa2dd
https://conda.anaconda.org/conda-forge/linux-64/libxcb-1.13-h7f98852_1004.tar.bz2#b3653fdc58d03face9724f602218a904
https://conda.anaconda.org/conda-forge/linux-64/libzip-1.9.2-hc869a4a_1.tar.bz2#7a268cf1386d271e576e35ae82149ef2
https://conda.anaconda.org/conda-forge/linux-64/pcre2-10.40-hc3806b6_0.tar.bz2#69e2c796349cd9b273890bee0febfe1b
https://conda.anaconda.org/conda-forge/linux-64/readline-8.2-h8228510_1.conda#47d31b792659ce70f470b5c82fdfb7a4
https://conda.anaconda.org/conda-forge/linux-64/tk-8.6.13-h2797004_0.conda#513336054f884f95d9fd925748f41ef3
https://conda.anaconda.org/conda-forge/linux-64/xerces-c-3.2.3-h9d8b166_3.tar.bz2#933cb0804fca6edcfb64332e93d86a1e
https://conda.anaconda.org/conda-forge/linux-64/xorg-fixesproto-5.0-h7f98852_1002.tar.bz2#65ad6e1eb4aed2b0611855aff05e04f6
https://conda.anaconda.org/conda-forge/linux-64/xorg-libsm-1.2.4-h7391055_0.conda#93ee23f12bc2e684548181256edd2cf6
https://conda.anaconda.org/conda-forge/linux-64/zeromq-4.3.4-h9c3ff4c_1.tar.bz2#21743a8d2ea0c8cfbbf8fe489b0347df
https://conda.anaconda.org/conda-forge/linux-64/zlib-1.2.13-hd590300_5.conda#68c34ec6149623be41a1933ab996a209
https://conda.anaconda.org/conda-forge/linux-64/zstd-1.5.5-hfc55251_0.conda#04b88013080254850d6c01ed54810589
https://conda.anaconda.org/conda-forge/linux-64/blosc-1.21.5-h0f2a231_0.conda#009521b7ed97cca25f8f997f9e745976
https://conda.anaconda.org/conda-forge/linux-64/boost-cpp-1.74.0-h312852a_4.tar.bz2#22ee6de84c28eb7bd76802cf071c5d25
https://conda.anaconda.org/conda-forge/linux-64/brotli-bin-1.0.9-h166bdaf_9.conda#d47dee1856d9cb955b8076eeff304a5b
https://conda.anaconda.org/conda-forge/linux-64/c-blosc2-2.10.2-hb4ffafa_0.conda#1a88c95afde6f13403492cac91352568
https://conda.anaconda.org/conda-forge/linux-64/freetype-2.12.1-h267a509_2.conda#9ae35c3d96db2c94ce0cef86efdfa2cb
https://conda.anaconda.org/conda-forge/linux-64/hdf4-4.2.15-h9772cbc_5.tar.bz2#ee08782aff2ff9b3291c967fa6bc7336
https://conda.anaconda.org/conda-forge/linux-64/krb5-1.19.3-h3790be6_0.tar.bz2#7d862b05445123144bec92cb1acc8ef8
https://conda.anaconda.org/conda-forge/linux-64/libglib-2.78.0-hebfc3b9_0.conda#e618003da3547216310088478e475945
https://conda.anaconda.org/conda-forge/linux-64/libopenblas-0.3.24-pthreads_h413a1c8_0.conda#6e4ef6ca28655124dcde9bd500e44c32
https://conda.anaconda.org/conda-forge/linux-64/libtiff-4.3.0-h6f004c6_2.tar.bz2#34fda41ca84e67232888c9a885903055
https://conda.anaconda.org/conda-forge/linux-64/libxml2-2.9.12-h72842e0_0.tar.bz2#bd14fdf5b9ee5568056a40a6a2f41866
https://conda.anaconda.org/conda-forge/linux-64/nss-3.92-h1d7d5a4_0.conda#22c89a3d87828fe925b310b9cdf0f574
https://conda.anaconda.org/conda-forge/linux-64/openh264-2.1.1-h780b84a_0.tar.bz2#034a6f90f1bbc7ba11d04b84ec9d74c8
https://conda.anaconda.org/conda-forge/linux-64/pandoc-3.1.3-h32600fe_0.conda#8287aeb8462e2d4b235eff788e75919d
https://conda.anaconda.org/conda-forge/linux-64/python-3.9.15-h47a2c10_0_cpython.conda#4c15ad54369ad2fa36a0d56c6675e241
https://conda.anaconda.org/conda-forge/linux-64/sqlite-3.43.0-h2c6b66d_0.conda#713f9eac95d051abe14c3774376854fe
https://conda.anaconda.org/conda-forge/linux-64/tiledb-2.3.4-he87e0bf_0.tar.bz2#fc60915b52f99c5eba16c858a54f32e7
https://conda.anaconda.org/conda-forge/linux-64/xorg-libx11-1.8.4-h0b41bf4_0.conda#ea8fbfeb976ac49cbeb594e985393514
https://conda.anaconda.org/conda-forge/noarch/affine-2.4.0-pyhd8ed1ab_0.conda#ae5f4ad87126c55ba3f690ef07f81d64
https://conda.anaconda.org/conda-forge/noarch/aiofiles-22.1.0-pyhd8ed1ab_0.tar.bz2#a88c206fdb78e34adb1c4081f5f838dd
https://conda.anaconda.org/conda-forge/noarch/async_generator-1.10-py_0.tar.bz2#d56c596e61b1c4952acf0a9920856c12
https://conda.anaconda.org/conda-forge/noarch/attrs-23.1.0-pyh71513ae_1.conda#3edfead7cedd1ab4400a6c588f3e75f8
https://conda.anaconda.org/conda-forge/noarch/backcall-0.2.0-pyh9f0ad1d_0.tar.bz2#6006a6d08a3fa99268a2681c7fb55213
https://conda.anaconda.org/conda-forge/noarch/backports-1.0-pyhd8ed1ab_3.conda#54ca2e08b3220c148a1d8329c2678e02
https://conda.anaconda.org/conda-forge/noarch/blinker-1.6.2-pyhd8ed1ab_0.conda#2fb79ec81bad9492b6d59a06b3b647a4
https://conda.anaconda.org/conda-forge/linux-64/brotli-1.0.9-h166bdaf_9.conda#4601544b4982ba1861fa9b9c607b2c06
https://conda.anaconda.org/conda-forge/linux-64/brotli-python-1.0.9-py39h5a03fae_9.conda#d1601752c6f47af7bedf838be3d8ca6b
https://conda.anaconda.org/conda-forge/noarch/cached_property-1.5.2-pyha770c72_1.tar.bz2#576d629e47797577ab0f1b351297ef4a
https://conda.anaconda.org/conda-forge/noarch/cachetools-5.3.1-pyhd8ed1ab_0.conda#60b5eb16d9a7a5482ba37f67aa49db5b
https://conda.anaconda.org/conda-forge/noarch/certifi-2023.7.22-pyhd8ed1ab_0.conda#7f3dbc9179b4dde7da98dfb151d0ad22
https://conda.anaconda.org/conda-forge/noarch/charset-normalizer-3.2.0-pyhd8ed1ab_0.conda#313516e9a4b08b12dfb1e1cd390a96e3
https://conda.anaconda.org/conda-forge/noarch/click-7.1.2-pyh9f0ad1d_0.tar.bz2#bd50a970ce07e660c319fdc4d730d3f1
https://conda.anaconda.org/conda-forge/noarch/cloudpickle-2.2.1-pyhd8ed1ab_0.conda#b325bfc4cff7d7f8a868f1f7ecc4ed16
https://conda.anaconda.org/conda-forge/noarch/colorama-0.4.6-pyhd8ed1ab_0.tar.bz2#3faab06a954c2a04039983f2c4a50d99
https://conda.anaconda.org/conda-forge/noarch/colour-0.1.5-py_0.tar.bz2#71b82c5b05fa41dbd41a2fd01b10043a
https://conda.anaconda.org/conda-forge/noarch/cycler-0.11.0-pyhd8ed1ab_0.tar.bz2#a50559fad0affdbb33729a68669ca1cb
https://conda.anaconda.org/conda-forge/linux-64/debugpy-1.8.0-py39h3d6467e_1.conda#31e04f8c5eebb5306793482b5e0f8a78
https://conda.anaconda.org/conda-forge/noarch/decorator-5.1.1-pyhd8ed1ab_0.tar.bz2#43afe5ab04e35e17ba28649471dd7364
https://conda.anaconda.org/conda-forge/noarch/defusedxml-0.7.1-pyhd8ed1ab_0.tar.bz2#961b3a227b437d82ad7054484cfa71b2
https://conda.anaconda.org/conda-forge/noarch/entrypoints-0.4-pyhd8ed1ab_0.tar.bz2#3cf04868fee0a029769bd41f4b2fbf2d
https://conda.anaconda.org/conda-forge/noarch/exceptiongroup-1.1.3-pyhd8ed1ab_0.conda#e6518222753f519e911e83136d2158d9
https://conda.anaconda.org/conda-forge/noarch/executing-1.2.0-pyhd8ed1ab_0.tar.bz2#4c1bc140e2be5c8ba6e3acab99e25c50
https://conda.anaconda.org/conda-forge/noarch/filelock-3.12.4-pyhd8ed1ab_0.conda#5173d4b8267a0699a43d73231e0b6596
https://conda.anaconda.org/conda-forge/linux-64/fontconfig-2.14.2-h14ed4e7_0.conda#0f69b688f52ff6da70bccb7ff7001d1d
https://conda.anaconda.org/conda-forge/linux-64/frozenlist-1.4.0-py39hd1e30aa_1.conda#5ccdccec4ed5576ae7382e33cd343dc2
https://conda.anaconda.org/conda-forge/noarch/fsspec-2023.9.2-pyh1a96a4e_0.conda#9d15cd3a0e944594ab528da37dc72ecc
https://conda.anaconda.org/conda-forge/noarch/future-0.18.3-pyhd8ed1ab_0.conda#fec8329fc739090f26a7d7803db254f1
https://conda.anaconda.org/conda-forge/noarch/geojson-3.0.1-pyhd8ed1ab_0.conda#8eb984c44a52c3a211a013ac32bbd38c
https://conda.anaconda.org/conda-forge/linux-64/greenlet-2.0.2-py39h3d6467e_1.conda#bcc2596fee9dccce15c6ae3d475ea013
https://conda.anaconda.org/conda-forge/noarch/idna-3.4-pyhd8ed1ab_0.tar.bz2#34272b248891bddccc64479f9a7fffed
https://conda.anaconda.org/conda-forge/noarch/ipython_genutils-0.2.0-py_1.tar.bz2#5071c982548b3a20caf70462f04f5287
https://conda.anaconda.org/conda-forge/noarch/json5-0.9.14-pyhd8ed1ab_0.conda#dac1dabba2b5a9d1aee175c5fcc7b436
https://conda.anaconda.org/conda-forge/linux-64/jsonpointer-2.4-py39hf3d152e_3.conda#23255e64bc45e9bc0b7d87c108357ce6
https://conda.anaconda.org/conda-forge/noarch/jupyterlab_widgets-3.0.9-pyhd8ed1ab_0.conda#8370e0a9dc443f9b45a23fd30e7a6b3b
https://conda.anaconda.org/conda-forge/linux-64/kiwisolver-1.4.5-py39h7633fee_1.conda#c9f74d717e5a2847a9f8b779c54130f2
https://conda.anaconda.org/conda-forge/noarch/lazy_loader-0.3-pyhd8ed1ab_0.conda#69ea1d0fa7ab33b48c88394ad1dead65
https://conda.anaconda.org/conda-forge/linux-64/lcms2-2.12-hddcbb42_0.tar.bz2#797117394a4aa588de6d741b06fad80f
https://conda.anaconda.org/conda-forge/linux-64/libblas-3.9.0-18_linux64_openblas.conda#bcddbb497582ece559465b9cd11042e7
https://conda.anaconda.org/conda-forge/linux-64/libcurl-7.86.0-h7bff187_1.tar.bz2#5e5f33d81f31598d87f9b849f73c30e3
https://conda.anaconda.org/conda-forge/linux-64/libkml-1.3.0-h238a007_1014.tar.bz2#abd8e196ad04781818acef26cc451d66
https://conda.anaconda.org/conda-forge/linux-64/libpq-13.5-hd57d9b9_1.tar.bz2#a0f425d61c7df890d6381ea352c3f1d7
https://conda.anaconda.org/conda-forge/linux-64/libwebp-1.2.2-h3452ae3_0.tar.bz2#c363665b4aabe56aae4f8981cff5b153
https://conda.anaconda.org/conda-forge/linux-64/llvmlite-0.40.1-py39h174d805_0.conda#45c73f595cf0675c480be9a413100b92
https://conda.anaconda.org/conda-forge/noarch/locket-1.0.0-pyhd8ed1ab_0.tar.bz2#91e27ef3d05cc772ce627e51cff111c4
https://conda.anaconda.org/conda-forge/linux-64/logzero-1.7.0-py39hf3d152e_5.conda#d3f24153cfc137308af10dd8f95f9b6b
https://conda.anaconda.org/conda-forge/linux-64/markupsafe-2.1.3-py39hd1e30aa_1.conda#ee2b4665b852ec6ff2758f3c1b91233d
https://conda.anaconda.org/conda-forge/noarch/mdurl-0.1.0-pyhd8ed1ab_0.tar.bz2#f8dab71fdc13b1bf29a01248b156d268
https://conda.anaconda.org/conda-forge/noarch/mistune-3.0.1-pyhd8ed1ab_0.conda#1dad8397c94e4de97a70de552a7dcf49
https://conda.anaconda.org/conda-forge/linux-64/multidict-6.0.4-py39h72bdee0_0.conda#85d78bf46da38d726c8c6bec78f90fa8
https://conda.anaconda.org/conda-forge/noarch/munch-4.0.0-pyhd8ed1ab_0.conda#376b32e8f9d3eacbd625f37d39bd507d
https://conda.anaconda.org/conda-forge/noarch/munkres-1.1.4-pyh9f0ad1d_0.tar.bz2#2ba8498c1018c1e9c61eb99b973dfe19
https://conda.anaconda.org/conda-forge/noarch/nest-asyncio-1.5.6-pyhd8ed1ab_0.tar.bz2#7b868f21adde0d9b8b38f9c16836589b
https://conda.anaconda.org/conda-forge/noarch/networkx-3.1-pyhd8ed1ab_0.conda#254f787d5068bc89f578bf63893ce8b4
https://conda.anaconda.org/conda-forge/linux-64/openjpeg-2.5.0-h7d73246_0.tar.bz2#93c291532f899698f193e82f8bd7a009
https://conda.anaconda.org/conda-forge/noarch/packaging-23.2-pyhd8ed1ab_0.conda#79002079284aa895f883c6b7f3f88fd6
https://conda.anaconda.org/conda-forge/noarch/pamela-1.1.0-pyh1a96a4e_0.conda#dce93ccf07159017c69c6d9cea2d5d61
https://conda.anaconda.org/conda-forge/noarch/pandocfilters-1.5.0-pyhd8ed1ab_0.tar.bz2#457c2c8c08e54905d6954e79cb5b5db9
https://conda.anaconda.org/conda-forge/noarch/param-1.13.0-pyh1a96a4e_0.conda#158eda83fd21a14b8c483c0d1d102397
https://conda.anaconda.org/conda-forge/noarch/parso-0.8.3-pyhd8ed1ab_0.tar.bz2#17a565a0c3899244e938cdf417e7b094
https://conda.anaconda.org/conda-forge/noarch/pickleshare-0.7.5-py_1003.tar.bz2#415f0ebb6198cc2801c73438a9fb5761
https://conda.anaconda.org/conda-forge/noarch/pkgutil-resolve-name-1.3.10-pyhd8ed1ab_1.conda#405678b942f2481cecdb3e010f4925d9
https://conda.anaconda.org/conda-forge/noarch/prometheus_client-0.17.1-pyhd8ed1ab_0.conda#02153b6b760bbec00cfe9e4c97993d06
https://conda.anaconda.org/conda-forge/linux-64/psutil-5.9.5-py39hd1e30aa_1.conda#c2e412b0f11e5983bcfc35d9beb91ecb
https://conda.anaconda.org/conda-forge/noarch/ptyprocess-0.7.0-pyhd3deb0d_0.tar.bz2#359eeb6536da0e687af562ed265ec263
https://conda.anaconda.org/conda-forge/noarch/pure_eval-0.2.2-pyhd8ed1ab_0.tar.bz2#6784285c7e55cb7212efabc79e4c2883
https://conda.anaconda.org/conda-forge/noarch/pyasn1-0.5.0-pyhd8ed1ab_0.conda#4b1c0db24e212190be1969b0aa490ad8
https://conda.anaconda.org/conda-forge/noarch/pycparser-2.21-pyhd8ed1ab_0.tar.bz2#076becd9e05608f8dc72757d5f3a91ff
https://conda.anaconda.org/conda-forge/noarch/pycrs-1.0.2-py_0.tar.bz2#ffb4ee4b7ef67bd415df4cb92d53ab68
https://conda.anaconda.org/conda-forge/noarch/pygments-2.16.1-pyhd8ed1ab_0.conda#40e5cb18165466773619e5c963f00a7b
https://conda.anaconda.org/conda-forge/noarch/pyjwt-2.8.0-pyhd8ed1ab_0.conda#912c0194f898fdb783021fd25f913c31
https://conda.anaconda.org/conda-forge/noarch/pyparsing-3.1.1-pyhd8ed1ab_0.conda#176f7d56f0cfe9008bdf1bccd7de02fb
https://conda.anaconda.org/conda-forge/noarch/pyperclip-1.8.2-pyhd8ed1ab_2.tar.bz2#8d7c6507e902193f9b1e9612f0210a4b
https://conda.anaconda.org/conda-forge/noarch/pyshp-2.3.1-pyhd8ed1ab_0.tar.bz2#92a889dc236a5197612bc85bee6d7174
https://conda.anaconda.org/conda-forge/noarch/pysocks-1.7.1-pyha2e5f31_6.tar.bz2#2a7de29fb590ca14b5243c4c812c8025
https://conda.anaconda.org/conda-forge/noarch/python-fastjsonschema-2.18.1-pyhd8ed1ab_0.conda#305141cff54af2f90e089d868fffce28
https://conda.anaconda.org/conda-forge/noarch/python-json-logger-2.0.7-pyhd8ed1ab_0.conda#a61bf9ec79426938ff785eb69dbb1960
https://conda.anaconda.org/conda-forge/noarch/pytz-2023.3.post1-pyhd8ed1ab_0.conda#c93346b446cd08c169d843ae5fc0da97
https://conda.anaconda.org/conda-forge/linux-64/pyyaml-6.0.1-py39hd1e30aa_1.conda#37218233bcdc310e4fde6453bc1b40d8
https://conda.anaconda.org/conda-forge/linux-64/pyzmq-25.1.1-py39hb257651_1.conda#97dcf95cd690bbfad93cfe2a88df224c
https://conda.anaconda.org/conda-forge/noarch/rfc3986-validator-0.1.1-pyh9f0ad1d_0.tar.bz2#912a71cc01012ee38e6b90ddd561e36f
https://conda.anaconda.org/conda-forge/linux-64/rpds-py-0.10.3-py39h9fdd4d6_1.conda#5d31170e589dab604fc2852948df7042
https://conda.anaconda.org/conda-forge/linux-64/ruamel.yaml.clib-0.2.7-py39hd1e30aa_2.conda#743d996a1af8502f27770fadfd418434
https://conda.anaconda.org/conda-forge/noarch/scooby-0.7.4-pyhd8ed1ab_0.conda#75caa96e968494836590ecd9cdad52dc
https://conda.anaconda.org/conda-forge/noarch/send2trash-1.8.2-pyh41d4057_0.conda#ada5a17adcd10be4fc7e37e4166ba0e2
https://conda.anaconda.org/conda-forge/linux-64/setuptools-59.8.0-py39hf3d152e_1.tar.bz2#4252d0c211566a9f65149ba7f6e87aa4
https://conda.anaconda.org/conda-forge/noarch/six-1.16.0-pyh6c4a22f_0.tar.bz2#e5f25f8dbc060e9a8d912e432202afc2
https://conda.anaconda.org/conda-forge/noarch/sniffio-1.3.0-pyhd8ed1ab_0.tar.bz2#dd6cbc539e74cb1f430efbd4575b9303
https://conda.anaconda.org/conda-forge/noarch/soupsieve-2.5-pyhd8ed1ab_1.conda#3f144b2c34f8cb5a9abd9ed23a39c561
https://conda.anaconda.org/conda-forge/noarch/tenacity-8.2.3-pyhd8ed1ab_0.conda#1482e77f87c6a702a7e05ef22c9b197b
https://conda.anaconda.org/conda-forge/noarch/toml-0.10.2-pyhd8ed1ab_0.tar.bz2#f832c45a477c78bebd107098db465095
https://conda.anaconda.org/conda-forge/noarch/tomli-2.0.1-pyhd8ed1ab_0.tar.bz2#5844808ffab9ebdb694585b50ba02a96
https://conda.anaconda.org/conda-forge/noarch/toolz-0.12.0-pyhd8ed1ab_0.tar.bz2#92facfec94bc02d6ccf42e7173831a36
https://conda.anaconda.org/conda-forge/linux-64/tornado-6.3.3-py39hd1e30aa_1.conda#cbe186eefb0bcd91e8f47c3908489874
https://conda.anaconda.org/conda-forge/noarch/traitlets-5.9.0-pyhd8ed1ab_0.conda#d0b4f5c87cd35ac3fb3d47b223263a64
https://conda.anaconda.org/conda-forge/noarch/types-python-dateutil-2.8.19.14-pyhd8ed1ab_0.conda#4df15c51a543e806d439490b862be1c6
https://conda.anaconda.org/conda-forge/noarch/typing_extensions-4.8.0-pyha770c72_0.conda#5b1be40a26d10a06f6d4f1f9e19fa0c7
https://conda.anaconda.org/conda-forge/noarch/typing_utils-0.1.0-pyhd8ed1ab_0.tar.bz2#eb67e3cace64c66233e2d35949e20f92
https://conda.anaconda.org/conda-forge/noarch/uc-micro-py-1.0.1-pyhd8ed1ab_0.tar.bz2#3ddf6684d9b274a12c94e509ca45656c
https://conda.anaconda.org/conda-forge/linux-64/unicodedata2-15.1.0-py39hd1e30aa_0.conda#1da984bbb6e765743e13388ba7b7b2c8
https://conda.anaconda.org/conda-forge/noarch/uri-template-1.3.0-pyhd8ed1ab_0.conda#0944dc65cb4a9b5b68522c3bb585d41c
https://conda.anaconda.org/conda-forge/noarch/uritemplate-4.1.1-pyhd8ed1ab_0.tar.bz2#0c4beeff1cbaba9b1a494c6b3dfc5bcc
https://conda.anaconda.org/conda-forge/noarch/webcolors-1.13-pyhd8ed1ab_0.conda#166212fe82dad8735550030488a01d03
https://conda.anaconda.org/conda-forge/noarch/webencodings-0.5.1-pyhd8ed1ab_2.conda#daf5160ff9cde3a468556965329085b9
https://conda.anaconda.org/conda-forge/noarch/websocket-client-1.6.3-pyhd8ed1ab_0.conda#38563b419c06ed97458d081df36beec0
https://conda.anaconda.org/conda-forge/noarch/wheel-0.41.2-pyhd8ed1ab_0.conda#1ccd092478b3e0ee10d7a891adbf8a4f
https://conda.anaconda.org/conda-forge/noarch/widgetsnbextension-4.0.9-pyhd8ed1ab_0.conda#82617d07b2f5f5a96296d3c19684b37a
https://conda.anaconda.org/conda-forge/linux-64/wrapt-1.15.0-py39hd1e30aa_1.conda#e811d65206edbab1699d452d9e67f29e
https://conda.anaconda.org/conda-forge/linux-64/xorg-libxext-1.3.4-h0b41bf4_2.conda#82b6df12252e6f32402b96dacc656fec
https://conda.anaconda.org/conda-forge/linux-64/xorg-libxfixes-5.0.3-h7f98852_1004.tar.bz2#e9a21aa4d5e3e5f1aed71e8cefd46b6a
https://conda.anaconda.org/conda-forge/linux-64/xorg-libxrender-0.9.10-h7f98852_1003.tar.bz2#f59c1242cc1dd93e72c2ee2b360979eb
https://conda.anaconda.org/conda-forge/noarch/xyzservices-2023.7.0-pyhd8ed1ab_0.conda#aacae3c0eaba0204dc6c5497c93c7992
https://conda.anaconda.org/conda-forge/linux-64/y-py-0.5.9-py39h50f1755_0.conda#f9225a09f5cb046cfdecd2a54448d4c0
https://conda.anaconda.org/conda-forge/noarch/zipp-3.17.0-pyhd8ed1ab_0.conda#2e4d6bc0b14e10f895fc6791a7d9b26a
https://conda.anaconda.org/conda-forge/noarch/aiosignal-1.3.1-pyhd8ed1ab_0.tar.bz2#d1e1eb7e21a9e2c74279d87dafb68156
https://conda.anaconda.org/conda-forge/noarch/anyio-4.0.0-pyhd8ed1ab_0.conda#3c4e99d3ae4ec033d4dd99fb5220e540
https://conda.anaconda.org/conda-forge/noarch/asttokens-2.4.0-pyhd8ed1ab_0.conda#056f04e51dd63337e8d7c425c18c86f1
https://conda.anaconda.org/conda-forge/noarch/babel-2.12.1-pyhd8ed1ab_1.conda#ac432e732804a81ddcf29c92ead57cde
https://conda.anaconda.org/conda-forge/noarch/backports.functools_lru_cache-1.6.5-pyhd8ed1ab_0.conda#6b1b907661838a75d067a22f87996b2e
https://conda.anaconda.org/conda-forge/noarch/beautifulsoup4-4.12.2-pyha770c72_0.conda#a362ff7d976217f8fa78c0f1c4f59717
https://conda.anaconda.org/conda-forge/noarch/bleach-6.0.0-pyhd8ed1ab_0.conda#d48b143d01385872a88ef8417e96c30e
https://conda.anaconda.org/conda-forge/linux-64/brunsli-0.1-h9c3ff4c_0.tar.bz2#c1ac6229d0bfd14f8354ff9ad2a26cad
https://conda.anaconda.org/conda-forge/noarch/cached-property-1.5.2-hd8ed1ab_1.tar.bz2#9b347a7ec10940d3f7941ff6c460b551
https://conda.anaconda.org/conda-forge/linux-64/cairo-1.16.0-h6cf1ce9_1008.tar.bz2#a43fb47d15e116f8be4be7e6b17ab59f
https://conda.anaconda.org/conda-forge/linux-64/cffi-1.16.0-py39h7a31438_0.conda#ac992767d7f8ed2cb27e71e78f0fb2d7
https://conda.anaconda.org/conda-forge/linux-64/cfitsio-3.470-hb418390_7.tar.bz2#5bda2e5ca5edb0c207c3ec76f57f8ecc
https://conda.anaconda.org/conda-forge/noarch/click-plugins-1.1.1-py_0.tar.bz2#4fd2c6b53934bd7d96d1f3fdaf99b79f
https://conda.anaconda.org/conda-forge/noarch/cligj-0.7.2-pyhd8ed1ab_1.tar.bz2#a29b7c141d6b2de4bb67788a5f107734
https://conda.anaconda.org/conda-forge/noarch/comm-0.1.4-pyhd8ed1ab_0.conda#c8eaca39e2b6abae1fc96acc929ae939
https://conda.anaconda.org/conda-forge/linux-64/curl-7.86.0-h7bff187_1.tar.bz2#bc9567c50833f4b0d36b25caca7b34f8
https://conda.anaconda.org/conda-forge/linux-64/cytoolz-0.12.2-py39hd1e30aa_1.conda#e5b62f0c1f96413116f16d33973f1a44
https://conda.anaconda.org/conda-forge/noarch/deprecated-1.2.14-pyh1a96a4e_0.conda#4e4c4236e1ca9bcd8816b921a4805882
https://conda.anaconda.org/conda-forge/linux-64/fonttools-4.43.0-py39hd1e30aa_0.conda#c06cd5b2c3be65c87e787fff7d875a7c
https://conda.anaconda.org/conda-forge/linux-64/grpcio-1.46.3-py39h0f497a6_0.tar.bz2#28f3efc227ee8d0f355d1310fd79c715
https://conda.anaconda.org/conda-forge/linux-64/hdf5-1.12.1-nompi_h2386368_104.tar.bz2#9607caa4c7df524ab6ddf6005ffa6731
https://conda.anaconda.org/conda-forge/noarch/httplib2-0.22.0-pyhd8ed1ab_0.conda#75362ef538813bab1cfec370bb09e41f
https://conda.anaconda.org/conda-forge/noarch/importlib-metadata-6.8.0-pyha770c72_0.conda#4e9f59a060c3be52bc4ddc46ee9b6946
https://conda.anaconda.org/conda-forge/noarch/importlib_resources-6.1.0-pyhd8ed1ab_0.conda#48b0d98e0c0ec810d3ccc2a0926c8c0e
https://conda.anaconda.org/conda-forge/noarch/jedi-0.19.0-pyhd8ed1ab_0.conda#1cd7f70057cdffc10977b613fb75425d
https://conda.anaconda.org/conda-forge/noarch/jinja2-3.1.2-pyhd8ed1ab_1.tar.bz2#c8490ed5c70966d232fdd389d0dbed37
https://conda.anaconda.org/conda-forge/noarch/jupyterlab_pygments-0.2.2-pyhd8ed1ab_0.tar.bz2#243f63592c8e449f40cd42eb5cf32f40
https://conda.anaconda.org/conda-forge/linux-64/libcblas-3.9.0-18_linux64_openblas.conda#93dd9ab275ad888ed8113953769af78c
https://conda.anaconda.org/conda-forge/linux-64/liblapack-3.9.0-18_linux64_openblas.conda#a1244707531e5b143c420c70573c8ec5
https://conda.anaconda.org/conda-forge/linux-64/libva-2.18.0-h0b41bf4_0.conda#56e049224de34bbe0478aad422227942
https://conda.anaconda.org/conda-forge/noarch/linkify-it-py-2.0.0-pyhd8ed1ab_0.tar.bz2#25b93e66067eb496ac10da888e25cc33
https://conda.anaconda.org/conda-forge/noarch/markdown-it-py-3.0.0-pyhd8ed1ab_0.conda#93a8e71256479c62074356ef6ebf501b
https://conda.anaconda.org/conda-forge/noarch/matplotlib-inline-0.1.6-pyhd8ed1ab_0.tar.bz2#b21613793fcc81d944c76c9f2864a7de
https://conda.anaconda.org/conda-forge/noarch/multipledispatch-0.6.0-py_0.tar.bz2#1073dc92c8f247d94ac14dd79ca0bbec
https://conda.anaconda.org/conda-forge/noarch/overrides-7.4.0-pyhd8ed1ab_0.conda#4625b7b01d7f4ac9c96300a5515acfaa
https://conda.anaconda.org/conda-forge/noarch/partd-1.4.1-pyhd8ed1ab_0.conda#acf4b7c0bcd5fa3b0e05801c4d2accd6
https://conda.anaconda.org/conda-forge/noarch/pexpect-4.8.0-pyh1a96a4e_2.tar.bz2#330448ce4403cc74990ac07c555942a1
https://conda.anaconda.org/conda-forge/linux-64/pillow-9.1.1-py39hae2aec6_1.tar.bz2#9039c6b86ddb65d7e8bf464337ae9053
https://conda.anaconda.org/conda-forge/noarch/pip-23.2.1-pyhd8ed1ab_0.conda#e2783aa3f9235225eec92f9081c5b801
https://conda.anaconda.org/conda-forge/noarch/plotly-5.17.0-pyhd8ed1ab_0.conda#76a0b213abcd3ffc1e8fa78804b69dc0
https://conda.anaconda.org/conda-forge/linux-64/postgresql-13.5-h2510834_1.tar.bz2#6ce6ce655fcc1c79462901d4fcaac518
https://conda.anaconda.org/conda-forge/linux-64/proj-8.0.1-h277dcde_0.tar.bz2#5f820fa831777ee6463ee8dc4f2054ba
https://conda.anaconda.org/conda-forge/linux-64/protobuf-4.24.3-py39h60f6b12_0.conda#f8f1e59f3a9f37a279109a4fb8b7c9a1
https://conda.anaconda.org/conda-forge/noarch/pyasn1-modules-0.3.0-pyhd8ed1ab_0.conda#26db749166cdca55e5ef1ffdc7767d0e
https://conda.anaconda.org/conda-forge/noarch/pyct-core-0.4.6-py_0.tar.bz2#55ec526f95e0959de3f68bc6289a20da
https://conda.anaconda.org/conda-forge/noarch/python-dateutil-2.8.2-pyhd8ed1ab_0.tar.bz2#dd999d1cc9f79e67dbb855c8924c7984
https://conda.anaconda.org/conda-forge/noarch/pyu2f-0.1.5-pyhd8ed1ab_0.tar.bz2#caabbeaa83928d0c3e3949261daa18eb
https://conda.anaconda.org/conda-forge/noarch/pyviz_comms-2.3.2-pyhd8ed1ab_0.conda#7c85b365bd17652f66a961446a963b40
https://conda.anaconda.org/conda-forge/noarch/ratelim-0.1.6-py_2.tar.bz2#a3065318deda7d6879017a3264b9772c
https://conda.anaconda.org/conda-forge/noarch/referencing-0.30.2-pyhd8ed1ab_0.conda#a33161b983172ba6ef69d5fc850650cd
https://conda.anaconda.org/conda-forge/noarch/rfc3339-validator-0.1.4-pyhd8ed1ab_0.tar.bz2#fed45fc5ea0813240707998abe49f520
https://conda.anaconda.org/conda-forge/noarch/rsa-4.9-pyhd8ed1ab_0.tar.bz2#03bf410858b2cefc267316408a77c436
https://conda.anaconda.org/conda-forge/linux-64/ruamel.yaml-0.17.33-py39hd1e30aa_1.conda#a7b261998cb0fb3f62c2fb363bb9ec27
https://conda.anaconda.org/conda-forge/noarch/terminado-0.17.1-pyh41d4057_0.conda#3788984d535770cad699efaeb6cb3037
https://conda.anaconda.org/conda-forge/noarch/tinycss2-1.2.1-pyhd8ed1ab_0.tar.bz2#7234c9eefff659501cd2fe0d2ede4d48
https://conda.anaconda.org/conda-forge/noarch/tqdm-4.66.1-pyhd8ed1ab_0.conda#03c97908b976498dcae97eb4e4f3149c
https://conda.anaconda.org/conda-forge/noarch/traittypes-0.2.1-pyh9f0ad1d_2.tar.bz2#7d32ccb5334a6822c28af3e864550618
https://conda.anaconda.org/conda-forge/noarch/typing-extensions-4.8.0-hd8ed1ab_0.conda#384462e63262a527bda564fa2d9126c0
https://conda.anaconda.org/conda-forge/noarch/urllib3-2.0.5-pyhd8ed1ab_0.conda#3bda70bbeb2920f44db5375af2e5fe38
https://conda.anaconda.org/conda-forge/noarch/whitebox-2.3.1-pyhd8ed1ab_0.conda#cc0b538b83e3aa2e4b2fac0bd513b2ec
https://conda.anaconda.org/conda-forge/linux-64/yarl-1.9.2-py39hd1e30aa_0.conda#453d1199297e5ac3f6b70bd92f0bb000
https://conda.anaconda.org/conda-forge/noarch/aiosqlite-0.19.0-pyhd8ed1ab_0.conda#c60a47f9f29057417165a8af579396a8
https://conda.anaconda.org/conda-forge/linux-64/argon2-cffi-bindings-21.2.0-py39hd1e30aa_4.conda#6a04738e75f877b68552fc19cb045233
https://conda.anaconda.org/conda-forge/noarch/arrow-1.3.0-pyhd8ed1ab_0.conda#b77d8c2313158e6e461ca0efb1c2c508
https://conda.anaconda.org/conda-forge/noarch/async-timeout-4.0.3-pyhd8ed1ab_0.conda#3ce482ec3066e6d809dbbb1d1679f215
https://conda.anaconda.org/conda-forge/noarch/branca-0.6.0-pyhd8ed1ab_0.tar.bz2#f4cc65697763ef8c2f7555f1ec355a6b
https://conda.anaconda.org/conda-forge/linux-64/cryptography-39.0.0-py39hd598818_0.conda#8b8923de82864744f8150b6307f4039a
https://conda.anaconda.org/conda-forge/linux-64/ffmpeg-5.0.1-h594f047_0.tar.bz2#f662f07e5fdfaeb8f648c3fbb9ced218
https://conda.anaconda.org/conda-forge/noarch/fqdn-1.5.1-pyhd8ed1ab_0.tar.bz2#642d35437078749ef23a5dca2c9bb1f3
https://conda.anaconda.org/conda-forge/linux-64/geotiff-1.7.0-h4f31c25_0.tar.bz2#1469b2ab71eceb88c3acd0cba392c9a1
https://conda.anaconda.org/conda-forge/linux-64/google-crc32c-1.1.2-py39h328ec2c_5.conda#09f92f949dd2754de9146a31492d4edc
https://conda.anaconda.org/conda-forge/noarch/googleapis-common-protos-1.60.0-pyhd8ed1ab_0.conda#30d3c2b05e550024868fb83f67b7db07
https://conda.anaconda.org/conda-forge/noarch/importlib-resources-6.1.0-pyhd8ed1ab_0.conda#6a62c2cc25376a0d050b3d1d221c3ee9
https://conda.anaconda.org/conda-forge/noarch/importlib_metadata-6.8.0-hd8ed1ab_0.conda#b279b07ce18058034e5b3606ba103a8b
https://conda.anaconda.org/conda-forge/noarch/jsonschema-specifications-2023.7.1-pyhd8ed1ab_0.conda#7c27ea1bdbe520bb830dcadd59f55cbf
https://conda.anaconda.org/conda-forge/noarch/jupyter_server_terminals-0.4.4-pyhd8ed1ab_1.conda#7c0965e1d4a0ee1529e8eaa03a78a5b3
https://conda.anaconda.org/conda-forge/linux-64/kealib-1.4.15-hfe1a663_0.tar.bz2#32fda93b8db4b6be630d1ee6a94f23b9
https://conda.anaconda.org/conda-forge/linux-64/libdap4-3.20.6-hd7c4107_2.tar.bz2#c265ae57e3acdc891f3e2b93cf6784f5
https://conda.anaconda.org/conda-forge/linux-64/libnetcdf-4.8.1-nompi_h329d8a1_102.tar.bz2#a857af323c5edbd8e9e45fb9facb6f5f
https://conda.anaconda.org/conda-forge/linux-64/libspatialite-5.0.1-h8694cbe_6.tar.bz2#e9ec379639b6d18d71d6068e5b22d55a
https://conda.anaconda.org/conda-forge/noarch/mako-1.2.4-pyhd8ed1ab_0.tar.bz2#0d072f0edc017b6318dbab701e053f94
https://conda.anaconda.org/conda-forge/noarch/markdown-3.4.4-pyhd8ed1ab_0.conda#6b8ab17bc8ff1ca89b3ea28ea3d566ca
https://conda.anaconda.org/conda-forge/noarch/mdit-py-plugins-0.4.0-pyhd8ed1ab_0.conda#6c5358a10873a15398b6f15f60cb5e1f
https://conda.anaconda.org/conda-forge/linux-64/numpy-1.24.4-py39h6183b62_0.conda#af741fa4f5287f3cd29b861607ad8ca5
https://conda.anaconda.org/conda-forge/noarch/platformdirs-3.10.0-pyhd8ed1ab_0.conda#0809187ef9b89a3d94a5c24d13936236
https://conda.anaconda.org/conda-forge/linux-64/poppler-21.09.0-ha39eefc_3.tar.bz2#12d3af7e7a70f8c6e4f8b34a1217d4d2
https://conda.anaconda.org/conda-forge/linux-64/pyproj-3.3.1-py39h02a9fcc_1.tar.bz2#24565c0e64ef72a0abbb1551815347f4
https://conda.anaconda.org/conda-forge/linux-64/python-box-7.1.1-py39hd1e30aa_0.conda#a9a98bd1dffc87a1e6c741da842c1c0c
https://conda.anaconda.org/conda-forge/noarch/requests-2.31.0-pyhd8ed1ab_0.conda#a30144e4156cdbb236f99ebb49828f8b
https://conda.anaconda.org/conda-forge/linux-64/sqlalchemy-2.0.21-py39hd1e30aa_0.conda#e0688eb08a80fa86ba96b41209ac349d
https://conda.anaconda.org/conda-forge/noarch/stack_data-0.6.2-pyhd8ed1ab_0.conda#e7df0fdd404616638df5ece6e69ba7af
https://conda.anaconda.org/conda-forge/noarch/wcwidth-0.2.8-pyhd8ed1ab_0.conda#367386d2575a0e62412448eda1012efd
https://conda.anaconda.org/conda-forge/linux-64/aiohttp-3.8.5-py39hd1e30aa_0.conda#fe5f76b16e82145b87ac97bced358de2
https://conda.anaconda.org/conda-forge/noarch/alembic-1.12.0-pyhd8ed1ab_0.conda#ba29026b587195548ef82444518061f7
https://conda.anaconda.org/conda-forge/noarch/argon2-cffi-23.1.0-pyhd8ed1ab_0.conda#3afef1f55a1366b4d3b6a0d92e2235e4
https://conda.anaconda.org/conda-forge/linux-64/bottleneck-1.3.7-py39h44dd56e_1.conda#04db0eafa08563952ea196c7d38be0ea
https://conda.anaconda.org/conda-forge/linux-64/cftime-1.6.2-py39h44dd56e_2.conda#bb788b462770a49433d7412e7881d917
https://conda.anaconda.org/conda-forge/linux-64/contourpy-1.1.1-py39h7633fee_1.conda#33afb3357cd0d120ecb26778d37579e4
https://conda.anaconda.org/conda-forge/noarch/dask-core-2023.4.0-pyhd8ed1ab_0.conda#afe2978fcd8f15149452cdad37aebbfa
https://conda.anaconda.org/conda-forge/noarch/datashape-0.5.4-py_1.tar.bz2#50ddfce434ea596fc4497085f403a9d5
https://conda.anaconda.org/conda-forge/noarch/ffmpeg-python-0.2.0-py_0.tar.bz2#314d903f14c9c6ae6e26d6ba3f8374f3
https://conda.anaconda.org/conda-forge/noarch/folium-0.14.0-pyhd8ed1ab_0.conda#48c8bb19df0d0268f1a9d30ffc56c5b0
https://conda.anaconda.org/conda-forge/noarch/gdown-4.7.1-pyhd8ed1ab_0.conda#e5f8868a3c7d9d03602f1c33e5c846f6
https://conda.anaconda.org/conda-forge/noarch/geocoder-1.38.1-py_1.tar.bz2#85f4e01bee20c149b2c060eb9a7c7751
https://conda.anaconda.org/conda-forge/noarch/google-resumable-media-2.6.0-pyhd8ed1ab_0.conda#74fd9d08866e60fc412abc8dd7c5486c
https://conda.anaconda.org/conda-forge/linux-64/h5py-3.7.0-nompi_py39h63b1161_100.tar.bz2#61b9b1070eeb06e15d9495397a7562a4
https://conda.anaconda.org/conda-forge/linux-64/imagecodecs-2021.8.26-py39h44211f0_1.tar.bz2#49b37ec2fba77817bab98893d4d85a83
https://conda.anaconda.org/conda-forge/noarch/imageio-2.31.1-pyh24c5eb1_0.conda#1051cc0376612ba101d4f59e954a1ff4
https://conda.anaconda.org/conda-forge/noarch/isoduration-20.11.0-pyhd8ed1ab_0.tar.bz2#4cb68948e0b8429534380243d063a27a
https://conda.anaconda.org/conda-forge/noarch/jsonschema-4.19.1-pyhd8ed1ab_0.conda#78aff5d2af74e6537c1ca73017f01f4f
https://conda.anaconda.org/conda-forge/linux-64/jupyter_core-5.3.2-py39hf3d152e_0.conda#42e23a09440074b9b5d61cf6d82dbd61
https://conda.anaconda.org/conda-forge/noarch/jupyter_ydoc-0.2.4-pyhd8ed1ab_0.conda#be5d4633c1cc40343ed417153a184006
https://conda.anaconda.org/conda-forge/linux-64/libgdal-3.3.2-hd2dd7ad_2.tar.bz2#54a17e65b2038429a1879a3956136048
https://conda.anaconda.org/conda-forge/linux-64/numba-0.57.1-py39hb75a051_0.conda#2a79819971cb69857ec9edc33e278515
https://conda.anaconda.org/conda-forge/noarch/oauthlib-3.2.2-pyhd8ed1ab_0.tar.bz2#8f882b197fd9c4941a787926baea4868
https://conda.anaconda.org/conda-forge/linux-64/pandas-1.3.5-py39hde0f152_0.tar.bz2#667350acd89504e72f978fa35c105a99
https://conda.anaconda.org/conda-forge/noarch/prompt-toolkit-3.0.39-pyha770c72_0.conda#a4986c6bb5b0d05a38855b0880a5f425
https://conda.anaconda.org/conda-forge/noarch/pyct-0.4.6-py_0.tar.bz2#42d91c89bc3993ec88681cffd3c0e326
https://conda.anaconda.org/conda-forge/noarch/pyopenssl-23.2.0-pyhd8ed1ab_1.conda#34f7d568bf59d18e3fef8c405cbece21
https://conda.anaconda.org/conda-forge/linux-64/pywavelets-1.4.1-py39h44dd56e_1.conda#d037c20e3da2e85f03ebd20ad480c359
https://conda.anaconda.org/conda-forge/linux-64/scipy-1.9.1-py39h8ba3f38_0.tar.bz2#beed054d4979cd70690aea2b257a6d55
https://conda.anaconda.org/conda-forge/linux-64/shapely-1.7.1-py39ha61afbd_5.tar.bz2#3327aae8961242e70ebf6efc0d54df59
https://conda.anaconda.org/conda-forge/noarch/snuggs-1.4.7-py_0.tar.bz2#cb83a3d6ecf73f50117635192414426a
https://conda.anaconda.org/conda-forge/noarch/ypy-websocket-0.8.2-pyhd8ed1ab_0.conda#5ee5ad3af20138020065985de57f0711
https://conda.anaconda.org/conda-forge/noarch/bokeh-3.2.2-pyhd8ed1ab_0.conda#30488151f591379db656250b3f5fc0c6
https://conda.anaconda.org/conda-forge/noarch/certipy-0.1.3-py_0.tar.bz2#23486713ef5712923e7c57cae609b22e
https://conda.anaconda.org/conda-forge/noarch/colorcet-3.0.1-pyhd8ed1ab_0.tar.bz2#1e424f22b3e2713068fe12d57f2dec5b
https://conda.anaconda.org/conda-forge/linux-64/gdal-3.3.2-py39h218ed2d_2.tar.bz2#f3969a8d8b0d0c553d314c35442fbffc
https://conda.anaconda.org/conda-forge/noarch/geopandas-base-0.13.2-pyha770c72_1.conda#c6036236caae7d8ac684c41c64073b9e
https://conda.anaconda.org/conda-forge/noarch/google-auth-2.23.2-pyhca7485f_0.conda#a8ffaa6eba85a9c0f5522ebcd9b6cff7
https://conda.anaconda.org/conda-forge/noarch/h5netcdf-1.2.0-pyhd8ed1ab_0.conda#a98466105e7e208efc69e4cc16c4ee81
https://conda.anaconda.org/conda-forge/noarch/jsonschema-with-format-nongpl-4.19.1-pyhd8ed1ab_0.conda#daca0665e6fe8a376e48b9f0b5865326
https://conda.anaconda.org/conda-forge/noarch/jupyter_client-8.3.1-pyhd8ed1ab_0.conda#b7cc0981484fcb6390e6d341e55618b3
https://conda.anaconda.org/conda-forge/noarch/jupyter_telemetry-0.1.0-pyhd8ed1ab_1.tar.bz2#bb9ebdb6d5aa2622484aff1faceee181
https://conda.anaconda.org/conda-forge/linux-64/matplotlib-base-3.8.0-py39he9076e7_1.conda#3337ebf55443f31a1148f3ca6f1d9673
https://conda.anaconda.org/conda-forge/noarch/nbformat-5.9.2-pyhd8ed1ab_0.conda#61ba076de6530d9301a0053b02f093d2
https://conda.anaconda.org/conda-forge/linux-64/netcdf4-1.5.8-nompi_py39h64b754b_101.tar.bz2#75875ec36c7d80400bd7bb0b23fab429
https://conda.anaconda.org/conda-forge/noarch/prompt_toolkit-3.0.39-hd8ed1ab_0.conda#4bbbe67d5df19db30f04b8e344dc9976
https://conda.anaconda.org/conda-forge/linux-64/rasterio-1.2.8-py39hbc4e497_0.tar.bz2#7e864c78824dd2358121f13a5055670e
https://conda.anaconda.org/conda-forge/noarch/tifffile-2021.11.2-pyhd8ed1ab_0.tar.bz2#b07562132d44945a4ae301f75cf731b1
https://conda.anaconda.org/conda-forge/noarch/xarray-2023.1.0-pyhd8ed1ab_0.conda#c11eb03b6f77a0d22ae88c454c940f55
https://conda.anaconda.org/conda-forge/linux-64/cartopy-0.22.0-py39h40cae4c_0.conda#24b4bf92e26a46217e37e5928927116b
https://conda.anaconda.org/conda-forge/noarch/datashader-0.15.2-pyhd8ed1ab_0.conda#cbe1ebc66a76a813bd2f0331d25d2a5e
https://conda.anaconda.org/conda-forge/linux-64/fiona-1.8.20-py39h427c1bf_2.tar.bz2#6862cc3966a202433503289aec9fd43d
https://conda.anaconda.org/conda-forge/noarch/google-api-core-2.12.0-pyhd8ed1ab_0.conda#f978eac45a312816fffd61eb65f5ed0e
https://conda.anaconda.org/conda-forge/noarch/google-auth-httplib2-0.1.1-pyhd8ed1ab_0.conda#8cc2988f953680e0fb2de1e09d5a17cc
https://conda.anaconda.org/conda-forge/noarch/ipython-8.16.0-pyh0d859eb_0.conda#30450c4d405002b8f4aa4322cd70184d
https://conda.anaconda.org/conda-forge/noarch/jupyter_events-0.7.0-pyhd8ed1ab_2.conda#088f0493279a7f7eebd514df47d65851
https://conda.anaconda.org/conda-forge/noarch/jupyterhub-base-4.0.2-pyh31011fe_0.conda#a6c7fb7557d5e31d0c2efc0351e6751d
https://conda.anaconda.org/conda-forge/noarch/nbclient-0.8.0-pyhd8ed1ab_0.conda#e78da91cf428faaf05701ce8cc8f2f9b
https://conda.anaconda.org/conda-forge/noarch/openeo-0.22.0-pyhd8ed1ab_0.conda#36a26aa0cbd03a72e7359d24802ffb92
https://conda.anaconda.org/conda-forge/noarch/panel-1.2.3-pyhd8ed1ab_0.conda#76230ad9115ff3783627f0977ed764eb
https://conda.anaconda.org/conda-forge/noarch/rioxarray-0.15.0-pyhd8ed1ab_0.conda#d0ce69099167a03cf0a1241f40284307
https://conda.anaconda.org/conda-forge/linux-64/scikit-image-0.20.0-py39h7c7b5a8_1.conda#3ecf6f80ae14116570e79c2e24fc87d1
https://conda.anaconda.org/conda-forge/noarch/google-api-python-client-2.101.0-pyhd8ed1ab_0.conda#f21035c89728c9c9224354ff070e57a3
https://conda.anaconda.org/conda-forge/noarch/google-cloud-core-2.3.3-pyhd8ed1ab_0.conda#a26b1fa8555cc1d2f0f7ff9985303e66
https://conda.anaconda.org/conda-forge/noarch/holoviews-1.17.1-pyhd8ed1ab_0.conda#0ed6c5564628f76c307391d123ef1b3f
https://conda.anaconda.org/conda-forge/noarch/ipykernel-6.25.2-pyh2140261_0.conda#226f2032ec491cc6e9ce66072660e4f6
https://conda.anaconda.org/conda-forge/noarch/ipywidgets-8.1.1-pyhd8ed1ab_0.conda#2605fae5ee27100e5f10037baebf4d41
https://conda.anaconda.org/conda-forge/noarch/nbconvert-core-7.8.0-pyhd8ed1ab_0.conda#62345c9e24f898bf492979be84a6eb0a
https://conda.anaconda.org/conda-forge/noarch/bqplot-0.12.40-pyhd8ed1ab_0.conda#b2007dbe60279cc2283d193ee32099b9
https://conda.anaconda.org/conda-forge/noarch/geoviews-core-1.10.1-pyha770c72_0.conda#95d909e4a2674ae827cffc7bea89e264
https://conda.anaconda.org/conda-forge/noarch/google-cloud-storage-2.11.0-pyh1a96a4e_0.conda#b099a0ab31b9c7930a84e1d1d1cfacec
https://conda.anaconda.org/conda-forge/noarch/hvplot-0.8.4-pyhd8ed1ab_1.conda#b02a0a999d462b9dc737393725b8bcdb
https://conda.anaconda.org/conda-forge/noarch/ipyevents-2.0.2-pyhd8ed1ab_0.conda#95f2b3a86abaa1b19eebfcf33f46e761
https://conda.anaconda.org/conda-forge/noarch/ipyfilechooser-0.6.0-pyhd8ed1ab_0.tar.bz2#77f3e551b6bc450deca63b2f171e0b73
https://conda.anaconda.org/conda-forge/noarch/ipyleaflet-0.17.4-pyhd8ed1ab_0.conda#f85309d8aa0c749e1f4ec8121e70b000
https://conda.anaconda.org/conda-forge/noarch/ipytree-0.2.2-pyhd8ed1ab_0.tar.bz2#5cc19cec6c4598183f4a8278e2142810
https://conda.anaconda.org/conda-forge/noarch/jupyter_server-2.7.3-pyhd8ed1ab_1.conda#0123f934221b023ddc7443e85cac9023
https://conda.anaconda.org/conda-forge/noarch/nbconvert-pandoc-7.8.0-pyhd8ed1ab_0.conda#1dba1a577df2625a24667612a069e91c
https://conda.anaconda.org/conda-forge/noarch/earthengine-api-0.1.371-pyhd8ed1ab_0.conda#22189f5bb86389dd8695040a2c1e6a98
https://conda.anaconda.org/conda-forge/noarch/geoviews-1.10.1-pyhd8ed1ab_0.conda#08f49562f35d932cb35047016c46bde3
https://conda.anaconda.org/conda-forge/noarch/jupyter_server_fileid-0.9.0-pyhd8ed1ab_0.conda#a12525b037a703d7f4512da737d700e6
https://conda.anaconda.org/conda-forge/noarch/jupyterlab_server-2.25.0-pyhd8ed1ab_0.conda#a52834fa7e3d12abc5efdf06b2097a05
https://conda.anaconda.org/conda-forge/noarch/nbconvert-7.8.0-pyhd8ed1ab_0.conda#43bce95e8c474dd21d7ed5de8b4806f7
https://conda.anaconda.org/conda-forge/noarch/notebook-shim-0.2.3-pyhd8ed1ab_0.conda#67e0fe74c156267d9159e9133df7fd37
https://conda.anaconda.org/conda-forge/noarch/whiteboxgui-2.3.0-pyhd8ed1ab_0.conda#96916399e481bbf4cc727ab14d539359
https://conda.anaconda.org/conda-forge/noarch/ee_extra-0.0.15-pyhd8ed1ab_0.conda#79aabb8c948276f55e2ba4ed8d1fd9cf
https://conda.anaconda.org/conda-forge/noarch/eerepr-0.0.4-pyhd8ed1ab_0.conda#79fa01f350230710f970400598b905b7
https://conda.anaconda.org/conda-forge/noarch/geeadd-0.5.6-pyhd8ed1ab_0.tar.bz2#a5cf57778f34bb5e81779393176bb5c5
https://conda.anaconda.org/conda-forge/noarch/jupyter_server_ydoc-0.8.0-pyhd8ed1ab_0.conda#780280d42fbcb2eaf654a6ba7a3e5bb5
https://conda.anaconda.org/conda-forge/noarch/nbclassic-1.0.0-pyhb4ecaf3_1.conda#a0be31e9bd84d6eae87cdbf74c56b90b
https://conda.anaconda.org/conda-forge/noarch/sankee-0.2.4-pyhd8ed1ab_0.conda#5cddf4d134860b0e13d2709e0a8201ce
https://conda.anaconda.org/conda-forge/noarch/notebook-6.5.4-pyha770c72_0.conda#ec4ce3ce0a55ce21b6f5b86049b97af9
https://conda.anaconda.org/conda-forge/noarch/jupyterlab-3.6.6-pyhd8ed1ab_0.conda#05def61d4c64b0f3161eaeb3b00cc790
https://conda.anaconda.org/conda-forge/noarch/geemap-0.27.3-pyhd8ed1ab_0.conda#e22a5fafe897a94cfb25b1a04677320e
https://conda.anaconda.org/conda-forge/noarch/jupyterhub-singleuser-4.0.2-pyh31011fe_0.conda#9eb773051ad8ecc804ed3bdec84ecce5
